
Microsoft Visual Studio Solution File, Format Version 12.00
# Visual Studio Version 16
VisualStudioVersion = 16.0.28803.202
MinimumVisualStudioVersion = 10.0.40219.1
Project("{FAE04EC0-301F-11D3-BF4B-00C04F79EFBC}") = "MegaDesk-Hester", "MegaDesk-Hester\MegaDesk-Hester.csproj", "{918F036B-EEC9-4498-8FC5-37D455875947}"
EndProject
Global
	GlobalSection(SolutionConfigurationPlatforms) = preSolution
		Debug|Any CPU = Debug|Any CPU
		Release|Any CPU = Release|Any CPU
	EndGlobalSection
	GlobalSection(ProjectConfigurationPlatforms) = postSolution
		{918F036B-EEC9-4498-8FC5-37D455875947}.Debug|Any CPU.ActiveCfg = Debug|Any CPU
		{918F036B-EEC9-4498-8FC5-37D455875947}.Debug|Any CPU.Build.0 = Debug|Any CPU
		{918F036B-EEC9-4498-8FC5-37D455875947}.Release|Any CPU.ActiveCfg = Release|Any CPU
		{918F036B-EEC9-4498-8FC5-37D455875947}.Release|Any CPU.Build.0 = Release|Any CPU
	EndGlobalSection
	GlobalSection(SolutionProperties) = preSolution
		HideSolutionNode = FALSE
	EndGlobalSection
	GlobalSection(ExtensibilityGlobals) = postSolution
		SolutionGuid = {D9B6DF7D-2AD9-4C29-953F-102CA487EBE0}
	EndGlobalSection
EndGlobal
